
Microsoft Visual Studio Solution File, Format Version 12.00
# Visual Studio Version 16
VisualStudioVersion = 16.0.31402.337
MinimumVisualStudioVersion = 10.0.40219.1
Project("{FAE04EC0-301F-11D3-BF4B-00C04F79EFBC}") = "PruebaBG", "PruebaBG.csproj", "{B95E9791-4BC1-4E67-810C-5113906FB8B6}"
EndProject
Global
	GlobalSection(SolutionConfigurationPlatforms) = preSolution
		Debug|Any CPU = Debug|Any CPU
		Release|Any CPU = Release|Any CPU
	EndGlobalSection
	GlobalSection(ProjectConfigurationPlatforms) = postSolution
		{B95E9791-4BC1-4E67-810C-5113906FB8B6}.Debug|Any CPU.ActiveCfg = Debug|Any CPU
		{B95E9791-4BC1-4E67-810C-5113906FB8B6}.Debug|Any CPU.Build.0 = Debug|Any CPU
		{B95E9791-4BC1-4E67-810C-5113906FB8B6}.Release|Any CPU.ActiveCfg = Release|Any CPU
		{B95E9791-4BC1-4E67-810C-5113906FB8B6}.Release|Any CPU.Build.0 = Release|Any CPU
	EndGlobalSection
	GlobalSection(SolutionProperties) = preSolution
		HideSolutionNode = FALSE
	EndGlobalSection
	GlobalSection(ExtensibilityGlobals) = postSolution
		SolutionGuid = {04331F9B-B6B1-4FF2-BF97-AB3CC545742B}
	EndGlobalSection
EndGlobal
